// !$*UTF8*$!
{
	archiveVersion = 1;
	classes = {
	};
	objectVersion = 56;
	objects = {

/* Begin PBXBuildFile section */
		CABEB6162A484D3800258C60 /* OTUSHomeWork02App.swift in Sources */ = {isa = PBXBuildFile; fileRef = CABEB6152A484D3800258C60 /* OTUSHomeWork02App.swift */; };
		CABEB61A2A484D3A00258C60 /* Assets.xcassets in Resources */ = {isa = PBXBuildFile; fileRef = CABEB6192A484D3A00258C60 /* Assets.xcassets */; };
		CABEB61D2A484D3A00258C60 /* Preview Assets.xcassets in Resources */ = {isa = PBXBuildFile; fileRef = CABEB61C2A484D3A00258C60 /* Preview Assets.xcassets */; };
		CABEB6632A4ADCFE00258C60 /* MediaStackAPI in Frameworks */ = {isa = PBXBuildFile; productRef = CABEB6622A4ADCFE00258C60 /* MediaStackAPI */; };
		CABEB6682A4AF17C00258C60 /* Anytransition+Ext.swift in Sources */ = {isa = PBXBuildFile; fileRef = CABEB6662A4AF17C00258C60 /* Anytransition+Ext.swift */; };
		CABEB6692A4AF17C00258C60 /* RandomAccessCollection+Ext.swift in Sources */ = {isa = PBXBuildFile; fileRef = CABEB6672A4AF17C00258C60 /* RandomAccessCollection+Ext.swift */; };
		CABEB66F2A4AF18800258C60 /* NewsCell.swift in Sources */ = {isa = PBXBuildFile; fileRef = CABEB66B2A4AF18800258C60 /* NewsCell.swift */; };
		CABEB6702A4AF18800258C60 /* HeadlineView.swift in Sources */ = {isa = PBXBuildFile; fileRef = CABEB66C2A4AF18800258C60 /* HeadlineView.swift */; };
		CABEB6712A4AF18800258C60 /* LoaderView.swift in Sources */ = {isa = PBXBuildFile; fileRef = CABEB66D2A4AF18800258C60 /* LoaderView.swift */; };
		CABEB6722A4AF18800258C60 /* LinkView.swift in Sources */ = {isa = PBXBuildFile; fileRef = CABEB66E2A4AF18800258C60 /* LinkView.swift */; };
		CABEB67E2A4AF19900258C60 /* NewsListViewModel.swift in Sources */ = {isa = PBXBuildFile; fileRef = CABEB6742A4AF19900258C60 /* NewsListViewModel.swift */; };
		CABEB67F2A4AF19900258C60 /* NewsDetailsScreen.swift in Sources */ = {isa = PBXBuildFile; fileRef = CABEB6762A4AF19900258C60 /* NewsDetailsScreen.swift */; };
		CABEB6802A4AF19900258C60 /* DashboardScreen.swift in Sources */ = {isa = PBXBuildFile; fileRef = CABEB6782A4AF19900258C60 /* DashboardScreen.swift */; };
		CABEB6812A4AF19900258C60 /* SegmentedControlScreen.swift in Sources */ = {isa = PBXBuildFile; fileRef = CABEB67A2A4AF19900258C60 /* SegmentedControlScreen.swift */; };
		CABEB6822A4AF19900258C60 /* ContentView.swift in Sources */ = {isa = PBXBuildFile; fileRef = CABEB67B2A4AF19900258C60 /* ContentView.swift */; };
		CABEB6832A4AF19900258C60 /* NewsListScreen.swift in Sources */ = {isa = PBXBuildFile; fileRef = CABEB67D2A4AF19900258C60 /* NewsListScreen.swift */; };
		CABEB6862A4B094600258C60 /* NavStack.swift in Sources */ = {isa = PBXBuildFile; fileRef = CABEB6852A4B094600258C60 /* NavStack.swift */; };
		CABEB6892A4B094D00258C60 /* Categories.swift in Sources */ = {isa = PBXBuildFile; fileRef = CABEB6882A4B094D00258C60 /* Categories.swift */; };
/* End PBXBuildFile section */

/* Begin PBXFileReference section */
		CABEB6122A484D3800258C60 /* OTUSHomeWork02.app */ = {isa = PBXFileReference; explicitFileType = wrapper.application; includeInIndex = 0; path = OTUSHomeWork02.app; sourceTree = BUILT_PRODUCTS_DIR; };
		CABEB6152A484D3800258C60 /* OTUSHomeWork02App.swift */ = {isa = PBXFileReference; lastKnownFileType = sourcecode.swift; path = OTUSHomeWork02App.swift; sourceTree = "<group>"; };
		CABEB6192A484D3A00258C60 /* Assets.xcassets */ = {isa = PBXFileReference; lastKnownFileType = folder.assetcatalog; path = Assets.xcassets; sourceTree = "<group>"; };
		CABEB61C2A484D3A00258C60 /* Preview Assets.xcassets */ = {isa = PBXFileReference; lastKnownFileType = folder.assetcatalog; path = "Preview Assets.xcassets"; sourceTree = "<group>"; };
		CABEB6602A4ADCE200258C60 /* MediaStackAPI */ = {isa = PBXFileReference; lastKnownFileType = wrapper; name = MediaStackAPI; path = Modules/MediaStackAPI; sourceTree = "<group>"; };
		CABEB6662A4AF17C00258C60 /* Anytransition+Ext.swift */ = {isa = PBXFileReference; fileEncoding = 4; lastKnownFileType = sourcecode.swift; path = "Anytransition+Ext.swift"; sourceTree = "<group>"; };
		CABEB6672A4AF17C00258C60 /* RandomAccessCollection+Ext.swift */ = {isa = PBXFileReference; fileEncoding = 4; lastKnownFileType = sourcecode.swift; path = "RandomAccessCollection+Ext.swift"; sourceTree = "<group>"; };
		CABEB66B2A4AF18800258C60 /* NewsCell.swift */ = {isa = PBXFileReference; fileEncoding = 4; lastKnownFileType = sourcecode.swift; path = NewsCell.swift; sourceTree = "<group>"; };
		CABEB66C2A4AF18800258C60 /* HeadlineView.swift */ = {isa = PBXFileReference; fileEncoding = 4; lastKnownFileType = sourcecode.swift; path = HeadlineView.swift; sourceTree = "<group>"; };
		CABEB66D2A4AF18800258C60 /* LoaderView.swift */ = {isa = PBXFileReference; fileEncoding = 4; lastKnownFileType = sourcecode.swift; path = LoaderView.swift; sourceTree = "<group>"; };
		CABEB66E2A4AF18800258C60 /* LinkView.swift */ = {isa = PBXFileReference; fileEncoding = 4; lastKnownFileType = sourcecode.swift; path = LinkView.swift; sourceTree = "<group>"; };
		CABEB6742A4AF19900258C60 /* NewsListViewModel.swift */ = {isa = PBXFileReference; fileEncoding = 4; lastKnownFileType = sourcecode.swift; path = NewsListViewModel.swift; sourceTree = "<group>"; };
		CABEB6762A4AF19900258C60 /* NewsDetailsScreen.swift */ = {isa = PBXFileReference; fileEncoding = 4; lastKnownFileType = sourcecode.swift; path = NewsDetailsScreen.swift; sourceTree = "<group>"; };
		CABEB6782A4AF19900258C60 /* DashboardScreen.swift */ = {isa = PBXFileReference; fileEncoding = 4; lastKnownFileType = sourcecode.swift; path = DashboardScreen.swift; sourceTree = "<group>"; };
		CABEB67A2A4AF19900258C60 /* SegmentedControlScreen.swift */ = {isa = PBXFileReference; fileEncoding = 4; lastKnownFileType = sourcecode.swift; path = SegmentedControlScreen.swift; sourceTree = "<group>"; };
		CABEB67B2A4AF19900258C60 /* ContentView.swift */ = {isa = PBXFileReference; fileEncoding = 4; lastKnownFileType = sourcecode.swift; path = ContentView.swift; sourceTree = "<group>"; };
		CABEB67D2A4AF19900258C60 /* NewsListScreen.swift */ = {isa = PBXFileReference; fileEncoding = 4; lastKnownFileType = sourcecode.swift; path = NewsListScreen.swift; sourceTree = "<group>"; };
		CABEB6852A4B094600258C60 /* NavStack.swift */ = {isa = PBXFileReference; fileEncoding = 4; lastKnownFileType = sourcecode.swift; path = NavStack.swift; sourceTree = "<group>"; };
		CABEB6882A4B094D00258C60 /* Categories.swift */ = {isa = PBXFileReference; fileEncoding = 4; lastKnownFileType = sourcecode.swift; path = Categories.swift; sourceTree = "<group>"; };
		CABEB68D2A4B0B2700258C60 /* Info.plist */ = {isa = PBXFileReference; lastKnownFileType = text.plist; path = Info.plist; sourceTree = "<group>"; };
/* End PBXFileReference section */

/* Begin PBXFrameworksBuildPhase section */
		CABEB60F2A484D3800258C60 /* Frameworks */ = {
			isa = PBXFrameworksBuildPhase;
			buildActionMask = 2147483647;
			files = (
				CABEB6632A4ADCFE00258C60 /* MediaStackAPI in Frameworks */,
			);
			runOnlyForDeploymentPostprocessing = 0;
		};
/* End PBXFrameworksBuildPhase section */

/* Begin PBXGroup section */
		CABEB6092A484D3700258C60 = {
			isa = PBXGroup;
			children = (
				CABEB6602A4ADCE200258C60 /* MediaStackAPI */,
				CABEB6142A484D3800258C60 /* OTUSHomeWork02 */,
				CABEB6132A484D3800258C60 /* Products */,
				CABEB6612A4ADCFE00258C60 /* Frameworks */,
			);
			sourceTree = "<group>";
		};
		CABEB6132A484D3800258C60 /* Products */ = {
			isa = PBXGroup;
			children = (
				CABEB6122A484D3800258C60 /* OTUSHomeWork02.app */,
			);
			name = Products;
			sourceTree = "<group>";
		};
		CABEB6142A484D3800258C60 /* OTUSHomeWork02 */ = {
			isa = PBXGroup;
			children = (
				CABEB68D2A4B0B2700258C60 /* Info.plist */,
				CABEB68A2A4B099400258C60 /* ViewModel */,
				CABEB6872A4B094D00258C60 /* Models */,
				CABEB6842A4B094600258C60 /* NavStack */,
				CABEB6642A4AF17C00258C60 /* Util */,
				CABEB66A2A4AF18800258C60 /* Views */,
				CABEB6732A4AF19900258C60 /* Screens */,
				CABEB6152A484D3800258C60 /* OTUSHomeWork02App.swift */,
				CABEB6192A484D3A00258C60 /* Assets.xcassets */,
				CABEB61B2A484D3A00258C60 /* Preview Content */,
			);
			path = OTUSHomeWork02;
			sourceTree = "<group>";
		};
		CABEB61B2A484D3A00258C60 /* Preview Content */ = {
			isa = PBXGroup;
			children = (
				CABEB61C2A484D3A00258C60 /* Preview Assets.xcassets */,
			);
			path = "Preview Content";
			sourceTree = "<group>";
		};
		CABEB6612A4ADCFE00258C60 /* Frameworks */ = {
			isa = PBXGroup;
			children = (
			);
			name = Frameworks;
			sourceTree = "<group>";
		};
		CABEB6642A4AF17C00258C60 /* Util */ = {
			isa = PBXGroup;
			children = (
				CABEB6652A4AF17C00258C60 /* Extensions */,
			);
			path = Util;
			sourceTree = "<group>";
		};
		CABEB6652A4AF17C00258C60 /* Extensions */ = {
			isa = PBXGroup;
			children = (
				CABEB6662A4AF17C00258C60 /* Anytransition+Ext.swift */,
				CABEB6672A4AF17C00258C60 /* RandomAccessCollection+Ext.swift */,
			);
			path = Extensions;
			sourceTree = "<group>";
		};
		CABEB66A2A4AF18800258C60 /* Views */ = {
			isa = PBXGroup;
			children = (
				CABEB66B2A4AF18800258C60 /* NewsCell.swift */,
				CABEB66C2A4AF18800258C60 /* HeadlineView.swift */,
				CABEB66D2A4AF18800258C60 /* LoaderView.swift */,
				CABEB66E2A4AF18800258C60 /* LinkView.swift */,
			);
			path = Views;
			sourceTree = "<group>";
		};
		CABEB6732A4AF19900258C60 /* Screens */ = {
			isa = PBXGroup;
			children = (
				CABEB6752A4AF19900258C60 /* NewsDetailsScreen */,
				CABEB6772A4AF19900258C60 /* Dashboard */,
				CABEB6792A4AF19900258C60 /* SegmentedControlScreen */,
				CABEB67B2A4AF19900258C60 /* ContentView.swift */,
				CABEB67C2A4AF19900258C60 /* NewsList */,
			);
			path = Screens;
			sourceTree = "<group>";
		};
		CABEB6752A4AF19900258C60 /* NewsDetailsScreen */ = {
			isa = PBXGroup;
			children = (
				CABEB6762A4AF19900258C60 /* NewsDetailsScreen.swift */,
			);
			path = NewsDetailsScreen;
			sourceTree = "<group>";
		};
		CABEB6772A4AF19900258C60 /* Dashboard */ = {
			isa = PBXGroup;
			children = (
				CABEB6782A4AF19900258C60 /* DashboardScreen.swift */,
			);
			path = Dashboard;
			sourceTree = "<group>";
		};
		CABEB6792A4AF19900258C60 /* SegmentedControlScreen */ = {
			isa = PBXGroup;
			children = (
				CABEB67A2A4AF19900258C60 /* SegmentedControlScreen.swift */,
			);
			path = SegmentedControlScreen;
			sourceTree = "<group>";
		};
		CABEB67C2A4AF19900258C60 /* NewsList */ = {
			isa = PBXGroup;
			children = (
				CABEB67D2A4AF19900258C60 /* NewsListScreen.swift */,
			);
			path = NewsList;
			sourceTree = "<group>";
		};
		CABEB6842A4B094600258C60 /* NavStack */ = {
			isa = PBXGroup;
			children = (
				CABEB6852A4B094600258C60 /* NavStack.swift */,
			);
			path = NavStack;
			sourceTree = "<group>";
		};
		CABEB6872A4B094D00258C60 /* Models */ = {
			isa = PBXGroup;
			children = (
				CABEB6882A4B094D00258C60 /* Categories.swift */,
			);
			path = Models;
			sourceTree = "<group>";
		};
		CABEB68A2A4B099400258C60 /* ViewModel */ = {
			isa = PBXGroup;
			children = (
				CABEB6742A4AF19900258C60 /* NewsListViewModel.swift */,
			);
			path = ViewModel;
			sourceTree = "<group>";
		};
/* End PBXGroup section */

/* Begin PBXNativeTarget section */
		CABEB6112A484D3800258C60 /* OTUSHomeWork02 */ = {
			isa = PBXNativeTarget;
			buildConfigurationList = CABEB6202A484D3A00258C60 /* Build configuration list for PBXNativeTarget "OTUSHomeWork02" */;
			buildPhases = (
				CABEB60E2A484D3800258C60 /* Sources */,
				CABEB60F2A484D3800258C60 /* Frameworks */,
				CABEB6102A484D3800258C60 /* Resources */,
			);
			buildRules = (
			);
			dependencies = (
			);
			name = OTUSHomeWork02;
			packageProductDependencies = (
				CABEB6622A4ADCFE00258C60 /* MediaStackAPI */,
			);
			productName = OTUSHomeWork02;
			productReference = CABEB6122A484D3800258C60 /* OTUSHomeWork02.app */;
			productType = "com.apple.product-type.application";
		};
/* End PBXNativeTarget section */

/* Begin PBXProject section */
		CABEB60A2A484D3700258C60 /* Project object */ = {
			isa = PBXProject;
			attributes = {
				BuildIndependentTargetsInParallel = 1;
				LastSwiftUpdateCheck = 1430;
				LastUpgradeCheck = 1430;
				TargetAttributes = {
					CABEB6112A484D3800258C60 = {
						CreatedOnToolsVersion = 14.3;
					};
				};
			};
			buildConfigurationList = CABEB60D2A484D3700258C60 /* Build configuration list for PBXProject "OTUSHomeWork02" */;
			compatibilityVersion = "Xcode 14.0";
			developmentRegion = en;
			hasScannedForEncodings = 0;
			knownRegions = (
				en,
				Base,
			);
			mainGroup = CABEB6092A484D3700258C60;
			productRefGroup = CABEB6132A484D3800258C60 /* Products */;
			projectDirPath = "";
			projectRoot = "";
			targets = (
				CABEB6112A484D3800258C60 /* OTUSHomeWork02 */,
			);
		};
/* End PBXProject section */

/* Begin PBXResourcesBuildPhase section */
		CABEB6102A484D3800258C60 /* Resources */ = {
			isa = PBXResourcesBuildPhase;
			buildActionMask = 2147483647;
			files = (
				CABEB61D2A484D3A00258C60 /* Preview Assets.xcassets in Resources */,
				CABEB61A2A484D3A00258C60 /* Assets.xcassets in Resources */,
			);
			runOnlyForDeploymentPostprocessing = 0;
		};
/* End PBXResourcesBuildPhase section */

/* Begin PBXSourcesBuildPhase section */
		CABEB60E2A484D3800258C60 /* Sources */ = {
			isa = PBXSourcesBuildPhase;
			buildActionMask = 2147483647;
			files = (
				CABEB6692A4AF17C00258C60 /* RandomAccessCollection+Ext.swift in Sources */,
				CABEB6892A4B094D00258C60 /* Categories.swift in Sources */,
				CABEB6862A4B094600258C60 /* NavStack.swift in Sources */,
				CABEB67E2A4AF19900258C60 /* NewsListViewModel.swift in Sources */,
				CABEB67F2A4AF19900258C60 /* NewsDetailsScreen.swift in Sources */,
				CABEB6802A4AF19900258C60 /* DashboardScreen.swift in Sources */,
				CABEB6722A4AF18800258C60 /* LinkView.swift in Sources */,
				CABEB6702A4AF18800258C60 /* HeadlineView.swift in Sources */,
				CABEB6712A4AF18800258C60 /* LoaderView.swift in Sources */,
				CABEB6812A4AF19900258C60 /* SegmentedControlScreen.swift in Sources */,
				CABEB6162A484D3800258C60 /* OTUSHomeWork02App.swift in Sources */,
				CABEB6822A4AF19900258C60 /* ContentView.swift in Sources */,
				CABEB6682A4AF17C00258C60 /* Anytransition+Ext.swift in Sources */,
				CABEB6832A4AF19900258C60 /* NewsListScreen.swift in Sources */,
				CABEB66F2A4AF18800258C60 /* NewsCell.swift in Sources */,
			);
			runOnlyForDeploymentPostprocessing = 0;
		};
/* End PBXSourcesBuildPhase section */

/* Begin XCBuildConfiguration section */
		CABEB61E2A484D3A00258C60 /* Debug */ = {
			isa = XCBuildConfiguration;
			buildSettings = {
				ALWAYS_SEARCH_USER_PATHS = NO;
				CLANG_ANALYZER_NONNULL = YES;
				CLANG_ANALYZER_NUMBER_OBJECT_CONVERSION = YES_AGGRESSIVE;
				CLANG_CXX_LANGUAGE_STANDARD = "gnu++20";
				CLANG_ENABLE_MODULES = YES;
				CLANG_ENABLE_OBJC_ARC = YES;
				CLANG_ENABLE_OBJC_WEAK = YES;
				CLANG_WARN_BLOCK_CAPTURE_AUTORELEASING = YES;
				CLANG_WARN_BOOL_CONVERSION = YES;
				CLANG_WARN_COMMA = YES;
				CLANG_WARN_CONSTANT_CONVERSION = YES;
				CLANG_WARN_DEPRECATED_OBJC_IMPLEMENTATIONS = YES;
				CLANG_WARN_DIRECT_OBJC_ISA_USAGE = YES_ERROR;
				CLANG_WARN_DOCUMENTATION_COMMENTS = YES;
				CLANG_WARN_EMPTY_BODY = YES;
				CLANG_WARN_ENUM_CONVERSION = YES;
				CLANG_WARN_INFINITE_RECURSION = YES;
				CLANG_WARN_INT_CONVERSION = YES;
				CLANG_WARN_NON_LITERAL_NULL_CONVERSION = YES;
				CLANG_WARN_OBJC_IMPLICIT_RETAIN_SELF = YES;
				CLANG_WARN_OBJC_LITERAL_CONVERSION = YES;
				CLANG_WARN_OBJC_ROOT_CLASS = YES_ERROR;
				CLANG_WARN_QUOTED_INCLUDE_IN_FRAMEWORK_HEADER = YES;
				CLANG_WARN_RANGE_LOOP_ANALYSIS = YES;
				CLANG_WARN_STRICT_PROTOTYPES = YES;
				CLANG_WARN_SUSPICIOUS_MOVE = YES;
				CLANG_WARN_UNGUARDED_AVAILABILITY = YES_AGGRESSIVE;
				CLANG_WARN_UNREACHABLE_CODE = YES;
				CLANG_WARN__DUPLICATE_METHOD_MATCH = YES;
				COPY_PHASE_STRIP = NO;
				DEBUG_INFORMATION_FORMAT = dwarf;
				ENABLE_STRICT_OBJC_MSGSEND = YES;
				ENABLE_TESTABILITY = YES;
				GCC_C_LANGUAGE_STANDARD = gnu11;
				GCC_DYNAMIC_NO_PIC = NO;
				GCC_NO_COMMON_BLOCKS = YES;
				GCC_OPTIMIZATION_LEVEL = 0;
				GCC_PREPROCESSOR_DEFINITIONS = (
					"DEBUG=1",
					"$(inherited)",
				);
				GCC_WARN_64_TO_32_BIT_CONVERSION = YES;
				GCC_WARN_ABOUT_RETURN_TYPE = YES_ERROR;
				GCC_WARN_UNDECLARED_SELECTOR = YES;
				GCC_WARN_UNINITIALIZED_AUTOS = YES_AGGRESSIVE;
				GCC_WARN_UNUSED_FUNCTION = YES;
				GCC_WARN_UNUSED_VARIABLE = YES;
				IPHONEOS_DEPLOYMENT_TARGET = 16.4;
				MTL_ENABLE_DEBUG_INFO = INCLUDE_SOURCE;
				MTL_FAST_MATH = YES;
				ONLY_ACTIVE_ARCH = YES;
				SDKROOT = iphoneos;
				SWIFT_ACTIVE_COMPILATION_CONDITIONS = DEBUG;
				SWIFT_OPTIMIZATION_LEVEL = "-Onone";
			};
			name = Debug;
		};
		CABEB61F2A484D3A00258C60 /* Release */ = {
			isa = XCBuildConfiguration;
			buildSettings = {
				ALWAYS_SEARCH_USER_PATHS = NO;
				CLANG_ANALYZER_NONNULL = YES;
				CLANG_ANALYZER_NUMBER_OBJECT_CONVERSION = YES_AGGRESSIVE;
				CLANG_CXX_LANGUAGE_STANDARD = "gnu++20";
				CLANG_ENABLE_MODULES = YES;
				CLANG_ENABLE_OBJC_ARC = YES;
				CLANG_ENABLE_OBJC_WEAK = YES;
				CLANG_WARN_BLOCK_CAPTURE_AUTORELEASING = YES;
				CLANG_WARN_BOOL_CONVERSION = YES;
				CLANG_WARN_COMMA = YES;
				CLANG_WARN_CONSTANT_CONVERSION = YES;
				CLANG_WARN_DEPRECATED_OBJC_IMPLEMENTATIONS = YES;
				CLANG_WARN_DIRECT_OBJC_ISA_USAGE = YES_ERROR;
				CLANG_WARN_DOCUMENTATION_COMMENTS = YES;
				CLANG_WARN_EMPTY_BODY = YES;
				CLANG_WARN_ENUM_CONVERSION = YES;
				CLANG_WARN_INFINITE_RECURSION = YES;
				CLANG_WARN_INT_CONVERSION = YES;
				CLANG_WARN_NON_LITERAL_NULL_CONVERSION = YES;
				CLANG_WARN_OBJC_IMPLICIT_RETAIN_SELF = YES;
				CLANG_WARN_OBJC_LITERAL_CONVERSION = YES;
				CLANG_WARN_OBJC_ROOT_CLASS = YES_ERROR;
				CLANG_WARN_QUOTED_INCLUDE_IN_FRAMEWORK_HEADER = YES;
				CLANG_WARN_RANGE_LOOP_ANALYSIS = YES;
				CLANG_WARN_STRICT_PROTOTYPES = YES;
				CLANG_WARN_SUSPICIOUS_MOVE = YES;
				CLANG_WARN_UNGUARDED_AVAILABILITY = YES_AGGRESSIVE;
				CLANG_WARN_UNREACHABLE_CODE = YES;
				CLANG_WARN__DUPLICATE_METHOD_MATCH = YES;
				COPY_PHASE_STRIP = NO;
				DEBUG_INFORMATION_FORMAT = "dwarf-with-dsym";
				ENABLE_NS_ASSERTIONS = NO;
				ENABLE_STRICT_OBJC_MSGSEND = YES;
				GCC_C_LANGUAGE_STANDARD = gnu11;
				GCC_NO_COMMON_BLOCKS = YES;
				GCC_WARN_64_TO_32_BIT_CONVERSION = YES;
				GCC_WARN_ABOUT_RETURN_TYPE = YES_ERROR;
				GCC_WARN_UNDECLARED_SELECTOR = YES;
				GCC_WARN_UNINITIALIZED_AUTOS = YES_AGGRESSIVE;
				GCC_WARN_UNUSED_FUNCTION = YES;
				GCC_WARN_UNUSED_VARIABLE = YES;
				IPHONEOS_DEPLOYMENT_TARGET = 16.4;
				MTL_ENABLE_DEBUG_INFO = NO;
				MTL_FAST_MATH = YES;
				SDKROOT = iphoneos;
				SWIFT_COMPILATION_MODE = wholemodule;
				SWIFT_OPTIMIZATION_LEVEL = "-O";
				VALIDATE_PRODUCT = YES;
			};
			name = Release;
		};
		CABEB6212A484D3A00258C60 /* Debug */ = {
			isa = XCBuildConfiguration;
			buildSettings = {
				ASSETCATALOG_COMPILER_APPICON_NAME = AppIcon;
				ASSETCATALOG_COMPILER_GLOBAL_ACCENT_COLOR_NAME = AccentColor;
				CODE_SIGN_STYLE = Automatic;
				CURRENT_PROJECT_VERSION = 1;
				DEVELOPMENT_ASSET_PATHS = "\"OTUSHomeWork02/Preview Content\"";
				DEVELOPMENT_TEAM = BPXP6739DN;
				ENABLE_PREVIEWS = YES;
				GENERATE_INFOPLIST_FILE = YES;
				INFOPLIST_FILE = OTUSHomeWork02/Info.plist;
				INFOPLIST_KEY_UIApplicationSceneManifest_Generation = YES;
				INFOPLIST_KEY_UIApplicationSupportsIndirectInputEvents = YES;
				INFOPLIST_KEY_UILaunchScreen_Generation = YES;
				INFOPLIST_KEY_UISupportedInterfaceOrientations = UIInterfaceOrientationPortrait;
				LD_RUNPATH_SEARCH_PATHS = (
					"$(inherited)",
					"@executable_path/Frameworks",
				);
				MARKETING_VERSION = 1.0;
				PRODUCT_BUNDLE_IDENTIFIER = com.development.mitrio.OTUSHomeWork02;
				PRODUCT_NAME = "$(TARGET_NAME)";
				SWIFT_EMIT_LOC_STRINGS = YES;
				SWIFT_VERSION = 5.0;
				TARGETED_DEVICE_FAMILY = "1,2";
			};
			name = Debug;
		};
		CABEB6222A484D3A00258C60 /* Release */ = {
			isa = XCBuildConfiguration;
			buildSettings = {
				ASSETCATALOG_COMPILER_APPICON_NAME = AppIcon;
				ASSETCATALOG_COMPILER_GLOBAL_ACCENT_COLOR_NAME = AccentColor;
				CODE_SIGN_STYLE = Automatic;
				CURRENT_PROJECT_VERSION = 1;
				DEVELOPMENT_ASSET_PATHS = "\"OTUSHomeWork02/Preview Content\"";
				DEVELOPMENT_TEAM = BPXP6739DN;
				ENABLE_PREVIEWS = YES;
				GENERATE_INFOPLIST_FILE = YES;
				INFOPLIST_FILE = OTUSHomeWork02/Info.plist;
				INFOPLIST_KEY_UIApplicationSceneManifest_Generation = YES;
				INFOPLIST_KEY_UIApplicationSupportsIndirectInputEvents = YES;
				INFOPLIST_KEY_UILaunchScreen_Generation = YES;
				INFOPLIST_KEY_UISupportedInterfaceOrientations = UIInterfaceOrientationPortrait;
				LD_RUNPATH_SEARCH_PATHS = (
					"$(inherited)",
					"@executable_path/Frameworks",
				);
				MARKETING_VERSION = 1.0;
				PRODUCT_BUNDLE_IDENTIFIER = com.development.mitrio.OTUSHomeWork02;
				PRODUCT_NAME = "$(TARGET_NAME)";
				SWIFT_EMIT_LOC_STRINGS = YES;
				SWIFT_VERSION = 5.0;
				TARGETED_DEVICE_FAMILY = "1,2";
			};
			name = Release;
		};
/* End XCBuildConfiguration section */

/* Begin XCConfigurationList section */
		CABEB60D2A484D3700258C60 /* Build configuration list for PBXProject "OTUSHomeWork02" */ = {
			isa = XCConfigurationList;
			buildConfigurations = (
				CABEB61E2A484D3A00258C60 /* Debug */,
				CABEB61F2A484D3A00258C60 /* Release */,
			);
			defaultConfigurationIsVisible = 0;
			defaultConfigurationName = Release;
		};
		CABEB6202A484D3A00258C60 /* Build configuration list for PBXNativeTarget "OTUSHomeWork02" */ = {
			isa = XCConfigurationList;
			buildConfigurations = (
				CABEB6212A484D3A00258C60 /* Debug */,
				CABEB6222A484D3A00258C60 /* Release */,
			);
			defaultConfigurationIsVisible = 0;
			defaultConfigurationName = Release;
		};
/* End XCConfigurationList section */

/* Begin XCSwiftPackageProductDependency section */
		CABEB6622A4ADCFE00258C60 /* MediaStackAPI */ = {
			isa = XCSwiftPackageProductDependency;
			productName = MediaStackAPI;
		};
/* End XCSwiftPackageProductDependency section */
	};
	rootObject = CABEB60A2A484D3700258C60 /* Project object */;
}
